# This file was autogenerated by Stack.
# You should not edit this file by hand.
# For more information, please see the documentation at:
#   https://docs.haskellstack.org/en/stable/lock_files

packages:
- completed:
    name: X11
    pantry-tree:
      sha256: 3ad2be290f2328541a46748dd3332aec04d9b5d089ac13d7eed9cb6e514d013d
      size: 3651
    sha256: a2dd0ebb6fb469f1cfc0c3dfbbeeb38061b2d7cdcef21245ee9f6f555bbb3163
    size: 163242
    url: https://github.com/xmonad/x11/archive/8a33c4ebe7d0a1be96073d8c019f1f3901bbf344.tar.gz
    version: 1.10.3.9
  original:
    url: https://github.com/xmonad/x11/archive/8a33c4ebe7d0a1be96073d8c019f1f3901bbf344.tar.gz
- completed:
    name: xmonad
    pantry-tree:
      sha256: 680d494bc2fbcce4c3039c60fb2524be81fd6df864554ee16082aca7a2807219
      size: 3832
    sha256: 2c5165575b175ec5a908eab03ce84aab9d1a26e842555852a40a187fa829b1c7
    size: 107943
    url: https://github.com/xmonad/xmonad/archive/5c2ba069026666998a8932832bc8f3fce24f42e9.tar.gz
    version: 0.17.2.9
  original:
    url: https://github.com/xmonad/xmonad/archive/5c2ba069026666998a8932832bc8f3fce24f42e9.tar.gz
- completed:
    name: xmonad-contrib
    pantry-tree:
      sha256: 82fe85b481383d43fe34473dc55109b8c5eba8baa691c0b377a0c412d66c134e
      size: 24503
    sha256: a85a279e3bb79170623e782b76a22e3b54658e0f9e378309938a989de76f5140
    size: 679792
    url: https://github.com/xmonad/xmonad-contrib/archive/2df26cf9f8d93d3b3fc2b1ac853d31280e9fa916.tar.gz
    version: 0.17.1.9
  original:
    url: https://github.com/xmonad/xmonad-contrib/archive/2df26cf9f8d93d3b3fc2b1ac853d31280e9fa916.tar.gz
- completed:
    hackage: xmobar-0.46@sha256:65e8683aec86e5dc23041959dc2b0803f1be4a3cacab1ed29159c0732212c273,14911
    pantry-tree:
      sha256: 0c97230f9b521b2af6237214a4ca14536a5df936835153b9768d7108ba5eb368
      size: 9769
  original:
    hackage: xmobar-0.46
- completed:
    hackage: cairo-0.13.8.2@sha256:ef1709c3c4d2c6d68a9a51d9f220dccc0745f6468d2d0868c15a7ecdf8f325a1,4078
    pantry-tree:
      sha256: d6a9b3a15bc2e7b53fda331279cfdbc299fbf0c4be2ee8c1b6b79b924b6fdeb4
      size: 2830
  original:
    hackage: cairo-0.13.8.2@sha256:ef1709c3c4d2c6d68a9a51d9f220dccc0745f6468d2d0868c15a7ecdf8f325a1,4078
- completed:
    hackage: pango-0.13.8.2@sha256:d4057ebddade4cde3e25d7755b5e030e7a7e56fe7365afd37916a7bba46d3fd9,3917
    pantry-tree:
      sha256: 10c335853e1d43e0b7426b33e8ddbdb90b3e318ebec4d58f0726a2f4cfb2e1c9
      size: 1506
  original:
    hackage: pango-0.13.8.2@sha256:d4057ebddade4cde3e25d7755b5e030e7a7e56fe7365afd37916a7bba46d3fd9,3917
- completed:
    hackage: glib-0.13.8.2@sha256:f44b829e741b3c3244d523f60b058701dfc067ff64c2ba61d43be4cccfc2663d,3156
    pantry-tree:
      sha256: 2442a22152231a94e2f1ecfe7ddc0f4e5fb2d5ae116b371508a448bd3312ef06
      size: 1625
  original:
    hackage: glib-0.13.8.2@sha256:f44b829e741b3c3244d523f60b058701dfc067ff64c2ba61d43be4cccfc2663d,3156
snapshots:
- completed:
    sha256: 6d1532d40621957a25bad5195bfca7938e8a06d923c91bc52aa0f3c41181f2d4
    size: 619204
    url: https://raw.githubusercontent.com/commercialhaskell/stackage-snapshots/master/lts/19/33.yaml
  original: lts-19.33
