# This file was autogenerated by Stack.
# You should not edit this file by hand.
# For more information, please see the documentation at:
#   https://docs.haskellstack.org/en/stable/lock_files

packages:
- completed:
    size: 163242
    url: https://github.com/xmonad/x11/archive/8a33c4ebe7d0a1be96073d8c019f1f3901bbf344.tar.gz
    name: X11
    version: 1.10.3.9
    sha256: a2dd0ebb6fb469f1cfc0c3dfbbeeb38061b2d7cdcef21245ee9f6f555bbb3163
    pantry-tree:
      size: 3651
      sha256: 3ad2be290f2328541a46748dd3332aec04d9b5d089ac13d7eed9cb6e514d013d
  original:
    url: https://github.com/xmonad/x11/archive/8a33c4ebe7d0a1be96073d8c019f1f3901bbf344.tar.gz
- completed:
    size: 107338
    url: https://github.com/xmonad/xmonad/archive/57c3a131253720e542fb399b229b697614642b53.tar.gz
    name: xmonad
    version: 0.17.1.9
    sha256: 3ad4fa2e31e227284d3bd5d20786cd3c960e5e56de716e9a3e8b5efa1c23a2e7
    pantry-tree:
      size: 3917
      sha256: 56c75bff3591f9f448c730d109f16002d2b91c60a695ef3783415a1f7dc60602
  original:
    url: https://github.com/xmonad/xmonad/archive/57c3a131253720e542fb399b229b697614642b53.tar.gz
- completed:
    size: 668025
    url: https://github.com/xmonad/xmonad-contrib/archive/6117a867d984f97fb689eca986eff2989b2fe069.tar.gz
    name: xmonad-contrib
    version: 0.17.1.9
    sha256: f6ab8b33c936175f164cbe4add5c20e975e292a9d8f89e7d300f856eea157e05
    pantry-tree:
      size: 24163
      sha256: adcdf6221b8e60f8b3138f0e88da01a4434ae923c9f9be35d3a1b4aa53d67fd7
  original:
    url: https://github.com/xmonad/xmonad-contrib/archive/6117a867d984f97fb689eca986eff2989b2fe069.tar.gz
- completed:
    hackage: xmobar-0.44.2@sha256:a2eed5f8833194babd60e45520023cd5698ccb8d40976d1f41a9b53b350297d0,14895
    pantry-tree:
      size: 9498
      sha256: c7714be550d267369496c484ba727847f50e941d66009d2f8a8268629fe953f8
  original:
    hackage: xmobar-0.44.2
snapshots:
- completed:
    size: 619399
    url: https://raw.githubusercontent.com/commercialhaskell/stackage-snapshots/master/lts/19/23.yaml
    sha256: f5d9002479d87103fd070f17cfe71fcd2147676f1e47a2dabca5ab91a42b846d
  original: lts-19.23
