# This file was autogenerated by Stack.
# You should not edit this file by hand.
# For more information, please see the documentation at:
#   https://docs.haskellstack.org/en/stable/lock_files

packages:
- completed:
    name: X11
    pantry-tree:
      sha256: 498db3650a791ddc061ad184f3fde3f48c6825053ddfab6b137b5f50b7a8afff
      size: 3504
    sha256: f76c54965c6ace0a14a898972b5c0ff7ff2dc14cbea1b33aa00b86330509d04f
    size: 162967
    url: https://github.com/xmonad/x11/archive/da9295f8b9d7768a836b5b9dca1b554f8ad1a047.tar.gz
    version: 1.10.3
  original:
    url: https://github.com/xmonad/x11/archive/da9295f8b9d7768a836b5b9dca1b554f8ad1a047.tar.gz
- completed:
    name: xmonad
    pantry-tree:
      sha256: 33d22819ed69d12f0833ce062b431e4330200ae77eb2da2b84172d850e656f25
      size: 3702
    sha256: 21b0722219d9a870e3cca3c44768088077cbd2c9dcb02c9a101d7f2e9efb0525
    size: 106520
    url: https://github.com/xmonad/xmonad/archive/488b52ffaa03456c295575c7a6613d2fe5281903.tar.gz
    version: 0.17.1
  original:
    url: https://github.com/xmonad/xmonad/archive/488b52ffaa03456c295575c7a6613d2fe5281903.tar.gz
- completed:
    name: xmonad-contrib
    pantry-tree:
      sha256: e965913f4482e3506f6dbd902a3e02ad4629421cad2c971e4f58fb5db0cd079a
      size: 24086
    sha256: 753fc8d0331ffb9820aa068e99149f0d20425b031483bae1de2086c9a44b6b1f
    size: 660327
    url: https://github.com/xmonad/xmonad-contrib/archive/afd6824ce00063bb8e9b7a1c5daf0737c2f61616.tar.gz
    version: 0.17.1
  original:
    url: https://github.com/xmonad/xmonad-contrib/archive/afd6824ce00063bb8e9b7a1c5daf0737c2f61616.tar.gz
- completed:
    hackage: xmobar-0.44.2@sha256:a2eed5f8833194babd60e45520023cd5698ccb8d40976d1f41a9b53b350297d0,14895
    pantry-tree:
      sha256: c7714be550d267369496c484ba727847f50e941d66009d2f8a8268629fe953f8
      size: 9498
  original:
    hackage: xmobar-0.44.2
snapshots:
- completed:
    sha256: f5d9002479d87103fd070f17cfe71fcd2147676f1e47a2dabca5ab91a42b846d
    size: 619399
    url: https://raw.githubusercontent.com/commercialhaskell/stackage-snapshots/master/lts/19/23.yaml
  original: lts-19.23
