# This file was autogenerated by Stack.
# You should not edit this file by hand.
# For more information, please see the documentation at:
#   https://docs.haskellstack.org/en/stable/lock_files

packages:
- completed:
    size: 163242
    url: https://github.com/xmonad/x11/archive/8a33c4ebe7d0a1be96073d8c019f1f3901bbf344.tar.gz
    name: X11
    version: 1.10.3.9
    sha256: a2dd0ebb6fb469f1cfc0c3dfbbeeb38061b2d7cdcef21245ee9f6f555bbb3163
    pantry-tree:
      size: 3651
      sha256: 3ad2be290f2328541a46748dd3332aec04d9b5d089ac13d7eed9cb6e514d013d
  original:
    url: https://github.com/xmonad/x11/archive/8a33c4ebe7d0a1be96073d8c019f1f3901bbf344.tar.gz
- completed:
    size: 107331
    url: https://github.com/xmonad/xmonad/archive/5ecdf7591d4f4bc3e44571326e66dfe895393a20.tar.gz
    name: xmonad
    version: 0.17.1.9
    sha256: b5c72c205b2cc66251deb24af6cb338e2f271837e8cb67dfd484d1f107012c54
    pantry-tree:
      size: 3917
      sha256: 00c673ac7255489f7ded160e9fa9c0e7c4bf2ef697ce67bdbaf10072adc62549
  original:
    url: https://github.com/xmonad/xmonad/archive/5ecdf7591d4f4bc3e44571326e66dfe895393a20.tar.gz
- completed:
    size: 673668
    url: https://github.com/xmonad/xmonad-contrib/archive/6fba80168df60d8a151515601f046a22cf9efbf5.tar.gz
    name: xmonad-contrib
    version: 0.17.1.9
    sha256: 12efbfa9dc19ea9770d51fd6d1dabadf44e23f190f00b92791a061e82e6ded59
    pantry-tree:
      size: 24370
      sha256: 66c16f132310a956bd86076efb55122dc02e5bedbb86fb7e6d1feeda9b52a082
  original:
    url: https://github.com/xmonad/xmonad-contrib/archive/6fba80168df60d8a151515601f046a22cf9efbf5.tar.gz
- completed:
    hackage: xmobar-0.46@sha256:65e8683aec86e5dc23041959dc2b0803f1be4a3cacab1ed29159c0732212c273,14911
    pantry-tree:
      size: 9769
      sha256: 0c97230f9b521b2af6237214a4ca14536a5df936835153b9768d7108ba5eb368
  original:
    hackage: xmobar-0.46
- completed:
    hackage: cairo-0.13.8.2@sha256:ef1709c3c4d2c6d68a9a51d9f220dccc0745f6468d2d0868c15a7ecdf8f325a1,4078
    pantry-tree:
      size: 2830
      sha256: d6a9b3a15bc2e7b53fda331279cfdbc299fbf0c4be2ee8c1b6b79b924b6fdeb4
  original:
    hackage: cairo-0.13.8.2@sha256:ef1709c3c4d2c6d68a9a51d9f220dccc0745f6468d2d0868c15a7ecdf8f325a1,4078
- completed:
    hackage: pango-0.13.8.2@sha256:d4057ebddade4cde3e25d7755b5e030e7a7e56fe7365afd37916a7bba46d3fd9,3917
    pantry-tree:
      size: 1506
      sha256: 10c335853e1d43e0b7426b33e8ddbdb90b3e318ebec4d58f0726a2f4cfb2e1c9
  original:
    hackage: pango-0.13.8.2@sha256:d4057ebddade4cde3e25d7755b5e030e7a7e56fe7365afd37916a7bba46d3fd9,3917
- completed:
    hackage: glib-0.13.8.2@sha256:f44b829e741b3c3244d523f60b058701dfc067ff64c2ba61d43be4cccfc2663d,3156
    pantry-tree:
      size: 1625
      sha256: 2442a22152231a94e2f1ecfe7ddc0f4e5fb2d5ae116b371508a448bd3312ef06
  original:
    hackage: glib-0.13.8.2@sha256:f44b829e741b3c3244d523f60b058701dfc067ff64c2ba61d43be4cccfc2663d,3156
snapshots:
- completed:
    size: 619204
    url: https://raw.githubusercontent.com/commercialhaskell/stackage-snapshots/master/lts/19/33.yaml
    sha256: 6d1532d40621957a25bad5195bfca7938e8a06d923c91bc52aa0f3c41181f2d4
  original: lts-19.33
